// !$*UTF8*$!
{
	archiveVersion = 1;
	classes = {
	};
	objectVersion = 50;
	objects = {

/* Begin PBXBuildFile section */
		70911E8277B490B2727932C3 /* libPods-MapObjC.a in Frameworks */ = {isa = PBXBuildFile; fileRef = 25D037B7AD4D11B62DBD29C6 /* libPods-MapObjC.a */; };
		D508B85D22A358EF00391B50 /* AppDelegate.m in Sources */ = {isa = PBXBuildFile; fileRef = D508B85C22A358EF00391B50 /* AppDelegate.m */; };
		D508B86022A358EF00391B50 /* ViewController.m in Sources */ = {isa = PBXBuildFile; fileRef = D508B85F22A358EF00391B50 /* ViewController.m */; };
		D508B86522A358EF00391B50 /* Assets.xcassets in Resources */ = {isa = PBXBuildFile; fileRef = D508B86422A358EF00391B50 /* Assets.xcassets */; };
		D508B86822A358EF00391B50 /* LaunchScreen.storyboard in Resources */ = {isa = PBXBuildFile; fileRef = D508B86622A358EF00391B50 /* LaunchScreen.storyboard */; };
		D508B86B22A358EF00391B50 /* main.m in Sources */ = {isa = PBXBuildFile; fileRef = D508B86A22A358EF00391B50 /* main.m */; };
		D508B87322A359F300391B50 /* MapKit.framework in Frameworks */ = {isa = PBXBuildFile; fileRef = D508B87222A359F300391B50 /* MapKit.framework */; };
		D5F55E6C22A42EF400F2E257 /* LocalTile.m in Sources */ = {isa = PBXBuildFile; fileRef = D5F55E6B22A42EF400F2E257 /* LocalTile.m */; };
/* End PBXBuildFile section */

/* Begin PBXFileReference section */
		08886D63203F5422ED6CE820 /* Pods-MapObjC.debug.xcconfig */ = {isa = PBXFileReference; includeInIndex = 1; lastKnownFileType = text.xcconfig; name = "Pods-MapObjC.debug.xcconfig"; path = "Pods/Target Support Files/Pods-MapObjC/Pods-MapObjC.debug.xcconfig"; sourceTree = "<group>"; };
		2088CED37DA16D32A1164976 /* Pods-MapObjC.release.xcconfig */ = {isa = PBXFileReference; includeInIndex = 1; lastKnownFileType = text.xcconfig; name = "Pods-MapObjC.release.xcconfig"; path = "Pods/Target Support Files/Pods-MapObjC/Pods-MapObjC.release.xcconfig"; sourceTree = "<group>"; };
		25D037B7AD4D11B62DBD29C6 /* libPods-MapObjC.a */ = {isa = PBXFileReference; explicitFileType = archive.ar; includeInIndex = 0; path = "libPods-MapObjC.a"; sourceTree = BUILT_PRODUCTS_DIR; };
		D508B85822A358EF00391B50 /* MapObjC.app */ = {isa = PBXFileReference; explicitFileType = wrapper.application; includeInIndex = 0; path = MapObjC.app; sourceTree = BUILT_PRODUCTS_DIR; };
		D508B85B22A358EF00391B50 /* AppDelegate.h */ = {isa = PBXFileReference; lastKnownFileType = sourcecode.c.h; path = AppDelegate.h; sourceTree = "<group>"; };
		D508B85C22A358EF00391B50 /* AppDelegate.m */ = {isa = PBXFileReference; lastKnownFileType = sourcecode.c.objc; path = AppDelegate.m; sourceTree = "<group>"; };
		D508B85E22A358EF00391B50 /* ViewController.h */ = {isa = PBXFileReference; lastKnownFileType = sourcecode.c.h; path = ViewController.h; sourceTree = "<group>"; };
		D508B85F22A358EF00391B50 /* ViewController.m */ = {isa = PBXFileReference; lastKnownFileType = sourcecode.c.objc; path = ViewController.m; sourceTree = "<group>"; };
		D508B86422A358EF00391B50 /* Assets.xcassets */ = {isa = PBXFileReference; lastKnownFileType = folder.assetcatalog; path = Assets.xcassets; sourceTree = "<group>"; };
		D508B86722A358EF00391B50 /* Base */ = {isa = PBXFileReference; lastKnownFileType = file.storyboard; name = Base; path = Base.lproj/LaunchScreen.storyboard; sourceTree = "<group>"; };
		D508B86922A358EF00391B50 /* Info.plist */ = {isa = PBXFileReference; lastKnownFileType = text.plist.xml; path = Info.plist; sourceTree = "<group>"; };
		D508B86A22A358EF00391B50 /* main.m */ = {isa = PBXFileReference; lastKnownFileType = sourcecode.c.objc; path = main.m; sourceTree = "<group>"; };
		D508B87222A359F300391B50 /* MapKit.framework */ = {isa = PBXFileReference; lastKnownFileType = wrapper.framework; name = MapKit.framework; path = System/Library/Frameworks/MapKit.framework; sourceTree = SDKROOT; };
		D5F55E6A22A42EF400F2E257 /* LocalTile.h */ = {isa = PBXFileReference; lastKnownFileType = sourcecode.c.h; path = LocalTile.h; sourceTree = "<group>"; };
		D5F55E6B22A42EF400F2E257 /* LocalTile.m */ = {isa = PBXFileReference; lastKnownFileType = sourcecode.c.objc; path = LocalTile.m; sourceTree = "<group>"; };
/* End PBXFileReference section */

/* Begin PBXFrameworksBuildPhase section */
		D508B85522A358EF00391B50 /* Frameworks */ = {
			isa = PBXFrameworksBuildPhase;
			buildActionMask = 2147483647;
			files = (
				D508B87322A359F300391B50 /* MapKit.framework in Frameworks */,
				70911E8277B490B2727932C3 /* libPods-MapObjC.a in Frameworks */,
			);
			runOnlyForDeploymentPostprocessing = 0;
		};
/* End PBXFrameworksBuildPhase section */

/* Begin PBXGroup section */
		2AC0E95F09BFED790A12DB50 /* Pods */ = {
			isa = PBXGroup;
			children = (
				08886D63203F5422ED6CE820 /* Pods-MapObjC.debug.xcconfig */,
				2088CED37DA16D32A1164976 /* Pods-MapObjC.release.xcconfig */,
			);
			name = Pods;
			sourceTree = "<group>";
		};
		D508B84F22A358EF00391B50 = {
			isa = PBXGroup;
			children = (
				D508B85A22A358EF00391B50 /* MapObjC */,
				D508B85922A358EF00391B50 /* Products */,
				D508B87122A359F300391B50 /* Frameworks */,
				2AC0E95F09BFED790A12DB50 /* Pods */,
			);
			sourceTree = "<group>";
		};
		D508B85922A358EF00391B50 /* Products */ = {
			isa = PBXGroup;
			children = (
				D508B85822A358EF00391B50 /* MapObjC.app */,
			);
			name = Products;
			sourceTree = "<group>";
		};
		D508B85A22A358EF00391B50 /* MapObjC */ = {
			isa = PBXGroup;
			children = (
				D508B85B22A358EF00391B50 /* AppDelegate.h */,
				D508B85C22A358EF00391B50 /* AppDelegate.m */,
				D508B85E22A358EF00391B50 /* ViewController.h */,
				D508B85F22A358EF00391B50 /* ViewController.m */,
				D508B86422A358EF00391B50 /* Assets.xcassets */,
				D508B86622A358EF00391B50 /* LaunchScreen.storyboard */,
				D508B86922A358EF00391B50 /* Info.plist */,
				D508B86A22A358EF00391B50 /* main.m */,
				D5F55E6A22A42EF400F2E257 /* LocalTile.h */,
				D5F55E6B22A42EF400F2E257 /* LocalTile.m */,
			);
			path = MapObjC;
			sourceTree = "<group>";
		};
		D508B87122A359F300391B50 /* Frameworks */ = {
			isa = PBXGroup;
			children = (
				D508B87222A359F300391B50 /* MapKit.framework */,
				25D037B7AD4D11B62DBD29C6 /* libPods-MapObjC.a */,
			);
			name = Frameworks;
			sourceTree = "<group>";
		};
/* End PBXGroup section */

/* Begin PBXNativeTarget section */
		D508B85722A358EF00391B50 /* MapObjC */ = {
			isa = PBXNativeTarget;
			buildConfigurationList = D508B86E22A358EF00391B50 /* Build configuration list for PBXNativeTarget "MapObjC" */;
			buildPhases = (
				F36B0B9769BD9351D19D2CAF /* [CP] Check Pods Manifest.lock */,
				D508B85422A358EF00391B50 /* Sources */,
				D508B85522A358EF00391B50 /* Frameworks */,
				D508B85622A358EF00391B50 /* Resources */,
				A11E2549D0C465F5BEEAC338 /* [CP] Copy Pods Resources */,
			);
			buildRules = (
			);
			dependencies = (
			);
			name = MapObjC;
			productName = MapObjC;
			productReference = D508B85822A358EF00391B50 /* MapObjC.app */;
			productType = "com.apple.product-type.application";
		};
/* End PBXNativeTarget section */

/* Begin PBXProject section */
		D508B85022A358EF00391B50 /* Project object */ = {
			isa = PBXProject;
			attributes = {
				LastUpgradeCheck = 1020;
				ORGANIZATIONNAME = hariDasu;
				TargetAttributes = {
					D508B85722A358EF00391B50 = {
						CreatedOnToolsVersion = 10.2.1;
						SystemCapabilities = {
							com.apple.Maps.iOS = {
								enabled = 1;
							};
						};
					};
				};
			};
			buildConfigurationList = D508B85322A358EF00391B50 /* Build configuration list for PBXProject "MapObjC" */;
			compatibilityVersion = "Xcode 9.3";
			developmentRegion = en;
			hasScannedForEncodings = 0;
			knownRegions = (
				en,
				Base,
			);
			mainGroup = D508B84F22A358EF00391B50;
			productRefGroup = D508B85922A358EF00391B50 /* Products */;
			projectDirPath = "";
			projectRoot = "";
			targets = (
				D508B85722A358EF00391B50 /* MapObjC */,
			);
		};
/* End PBXProject section */

/* Begin PBXResourcesBuildPhase section */
		D508B85622A358EF00391B50 /* Resources */ = {
			isa = PBXResourcesBuildPhase;
			buildActionMask = 2147483647;
			files = (
				D508B86822A358EF00391B50 /* LaunchScreen.storyboard in Resources */,
				D508B86522A358EF00391B50 /* Assets.xcassets in Resources */,
			);
			runOnlyForDeploymentPostprocessing = 0;
		};
/* End PBXResourcesBuildPhase section */

/* Begin PBXShellScriptBuildPhase section */
		A11E2549D0C465F5BEEAC338 /* [CP] Copy Pods Resources */ = {
			isa = PBXShellScriptBuildPhase;
			buildActionMask = 2147483647;
			files = (
			);
			inputFileListPaths = (
			);
			inputPaths = (
				"${SRCROOT}/Pods/Target Support Files/Pods-MapObjC/Pods-MapObjC-resources.sh",
				"${PODS_ROOT}/GoogleMaps/Maps/Frameworks/GoogleMaps.framework/Resources/GoogleMaps.bundle",
			);
			name = "[CP] Copy Pods Resources";
			outputFileListPaths = (
			);
			outputPaths = (
				"${TARGET_BUILD_DIR}/${UNLOCALIZED_RESOURCES_FOLDER_PATH}/GoogleMaps.bundle",
			);
			runOnlyForDeploymentPostprocessing = 0;
			shellPath = /bin/sh;
			shellScript = "\"${SRCROOT}/Pods/Target Support Files/Pods-MapObjC/Pods-MapObjC-resources.sh\"\n";
			showEnvVarsInLog = 0;
		};
		F36B0B9769BD9351D19D2CAF /* [CP] Check Pods Manifest.lock */ = {
			isa = PBXShellScriptBuildPhase;
			buildActionMask = 2147483647;
			files = (
			);
			inputFileListPaths = (
			);
			inputPaths = (
				"${PODS_PODFILE_DIR_PATH}/Podfile.lock",
				"${PODS_ROOT}/Manifest.lock",
			);
			name = "[CP] Check Pods Manifest.lock";
			outputFileListPaths = (
			);
			outputPaths = (
				"$(DERIVED_FILE_DIR)/Pods-MapObjC-checkManifestLockResult.txt",
			);
			runOnlyForDeploymentPostprocessing = 0;
			shellPath = /bin/sh;
			shellScript = "diff \"${PODS_PODFILE_DIR_PATH}/Podfile.lock\" \"${PODS_ROOT}/Manifest.lock\" > /dev/null\nif [ $? != 0 ] ; then\n    # print error to STDERR\n    echo \"error: The sandbox is not in sync with the Podfile.lock. Run 'pod install' or update your CocoaPods installation.\" >&2\n    exit 1\nfi\n# This output is used by Xcode 'outputs' to avoid re-running this script phase.\necho \"SUCCESS\" > \"${SCRIPT_OUTPUT_FILE_0}\"\n";
			showEnvVarsInLog = 0;
		};
/* End PBXShellScriptBuildPhase section */

/* Begin PBXSourcesBuildPhase section */
		D508B85422A358EF00391B50 /* Sources */ = {
			isa = PBXSourcesBuildPhase;
			buildActionMask = 2147483647;
			files = (
				D508B86022A358EF00391B50 /* ViewController.m in Sources */,
				D508B86B22A358EF00391B50 /* main.m in Sources */,
				D508B85D22A358EF00391B50 /* AppDelegate.m in Sources */,
				D5F55E6C22A42EF400F2E257 /* LocalTile.m in Sources */,
			);
			runOnlyForDeploymentPostprocessing = 0;
		};
/* End PBXSourcesBuildPhase section */

/* Begin PBXVariantGroup section */
		D508B86622A358EF00391B50 /* LaunchScreen.storyboard */ = {
			isa = PBXVariantGroup;
			children = (
				D508B86722A358EF00391B50 /* Base */,
			);
			name = LaunchScreen.storyboard;
			sourceTree = "<group>";
		};
/* End PBXVariantGroup section */

/* Begin XCBuildConfiguration section */
		D508B86C22A358EF00391B50 /* Debug */ = {
			isa = XCBuildConfiguration;
			buildSettings = {
				ALWAYS_SEARCH_USER_PATHS = NO;
				CLANG_ANALYZER_NONNULL = YES;
				CLANG_ANALYZER_NUMBER_OBJECT_CONVERSION = YES_AGGRESSIVE;
				CLANG_CXX_LANGUAGE_STANDARD = "gnu++14";
				CLANG_CXX_LIBRARY = "libc++";
				CLANG_ENABLE_MODULES = YES;
				CLANG_ENABLE_OBJC_ARC = YES;
				CLANG_ENABLE_OBJC_WEAK = YES;
				CLANG_WARN_BLOCK_CAPTURE_AUTORELEASING = YES;
				CLANG_WARN_BOOL_CONVERSION = YES;
				CLANG_WARN_COMMA = YES;
				CLANG_WARN_CONSTANT_CONVERSION = YES;
				CLANG_WARN_DEPRECATED_OBJC_IMPLEMENTATIONS = YES;
				CLANG_WARN_DIRECT_OBJC_ISA_USAGE = YES_ERROR;
				CLANG_WARN_DOCUMENTATION_COMMENTS = YES;
				CLANG_WARN_EMPTY_BODY = YES;
				CLANG_WARN_ENUM_CONVERSION = YES;
				CLANG_WARN_INFINITE_RECURSION = YES;
				CLANG_WARN_INT_CONVERSION = YES;
				CLANG_WARN_NON_LITERAL_NULL_CONVERSION = YES;
				CLANG_WARN_OBJC_IMPLICIT_RETAIN_SELF = YES;
				CLANG_WARN_OBJC_LITERAL_CONVERSION = YES;
				CLANG_WARN_OBJC_ROOT_CLASS = YES_ERROR;
				CLANG_WARN_RANGE_LOOP_ANALYSIS = YES;
				CLANG_WARN_STRICT_PROTOTYPES = YES;
				CLANG_WARN_SUSPICIOUS_MOVE = YES;
				CLANG_WARN_UNGUARDED_AVAILABILITY = YES_AGGRESSIVE;
				CLANG_WARN_UNREACHABLE_CODE = YES;
				CLANG_WARN__DUPLICATE_METHOD_MATCH = YES;
				CODE_SIGN_IDENTITY = "iPhone Developer";
				COPY_PHASE_STRIP = NO;
				DEBUG_INFORMATION_FORMAT = dwarf;
				ENABLE_STRICT_OBJC_MSGSEND = YES;
				ENABLE_TESTABILITY = YES;
				GCC_C_LANGUAGE_STANDARD = gnu11;
				GCC_DYNAMIC_NO_PIC = NO;
				GCC_NO_COMMON_BLOCKS = YES;
				GCC_OPTIMIZATION_LEVEL = 0;
				GCC_PREPROCESSOR_DEFINITIONS = (
					"DEBUG=1",
					"$(inherited)",
				);
				GCC_WARN_64_TO_32_BIT_CONVERSION = YES;
				GCC_WARN_ABOUT_RETURN_TYPE = YES_ERROR;
				GCC_WARN_UNDECLARED_SELECTOR = YES;
				GCC_WARN_UNINITIALIZED_AUTOS = YES_AGGRESSIVE;
				GCC_WARN_UNUSED_FUNCTION = YES;
				GCC_WARN_UNUSED_VARIABLE = YES;
				IPHONEOS_DEPLOYMENT_TARGET = 12.2;
				MTL_ENABLE_DEBUG_INFO = INCLUDE_SOURCE;
				MTL_FAST_MATH = YES;
				ONLY_ACTIVE_ARCH = YES;
				SDKROOT = iphoneos;
			};
			name = Debug;
		};
		D508B86D22A358EF00391B50 /* Release */ = {
			isa = XCBuildConfiguration;
			buildSettings = {
				ALWAYS_SEARCH_USER_PATHS = NO;
				CLANG_ANALYZER_NONNULL = YES;
				CLANG_ANALYZER_NUMBER_OBJECT_CONVERSION = YES_AGGRESSIVE;
				CLANG_CXX_LANGUAGE_STANDARD = "gnu++14";
				CLANG_CXX_LIBRARY = "libc++";
				CLANG_ENABLE_MODULES = YES;
				CLANG_ENABLE_OBJC_ARC = YES;
				CLANG_ENABLE_OBJC_WEAK = YES;
				CLANG_WARN_BLOCK_CAPTURE_AUTORELEASING = YES;
				CLANG_WARN_BOOL_CONVERSION = YES;
				CLANG_WARN_COMMA = YES;
				CLANG_WARN_CONSTANT_CONVERSION = YES;
				CLANG_WARN_DEPRECATED_OBJC_IMPLEMENTATIONS = YES;
				CLANG_WARN_DIRECT_OBJC_ISA_USAGE = YES_ERROR;
				CLANG_WARN_DOCUMENTATION_COMMENTS = YES;
				CLANG_WARN_EMPTY_BODY = YES;
				CLANG_WARN_ENUM_CONVERSION = YES;
				CLANG_WARN_INFINITE_RECURSION = YES;
				CLANG_WARN_INT_CONVERSION = YES;
				CLANG_WARN_NON_LITERAL_NULL_CONVERSION = YES;
				CLANG_WARN_OBJC_IMPLICIT_RETAIN_SELF = YES;
				CLANG_WARN_OBJC_LITERAL_CONVERSION = YES;
				CLANG_WARN_OBJC_ROOT_CLASS = YES_ERROR;
				CLANG_WARN_RANGE_LOOP_ANALYSIS = YES;
				CLANG_WARN_STRICT_PROTOTYPES = YES;
				CLANG_WARN_SUSPICIOUS_MOVE = YES;
				CLANG_WARN_UNGUARDED_AVAILABILITY = YES_AGGRESSIVE;
				CLANG_WARN_UNREACHABLE_CODE = YES;
				CLANG_WARN__DUPLICATE_METHOD_MATCH = YES;
				CODE_SIGN_IDENTITY = "iPhone Developer";
				COPY_PHASE_STRIP = NO;
				DEBUG_INFORMATION_FORMAT = "dwarf-with-dsym";
				ENABLE_NS_ASSERTIONS = NO;
				ENABLE_STRICT_OBJC_MSGSEND = YES;
				GCC_C_LANGUAGE_STANDARD = gnu11;
				GCC_NO_COMMON_BLOCKS = YES;
				GCC_WARN_64_TO_32_BIT_CONVERSION = YES;
				GCC_WARN_ABOUT_RETURN_TYPE = YES_ERROR;
				GCC_WARN_UNDECLARED_SELECTOR = YES;
				GCC_WARN_UNINITIALIZED_AUTOS = YES_AGGRESSIVE;
				GCC_WARN_UNUSED_FUNCTION = YES;
				GCC_WARN_UNUSED_VARIABLE = YES;
				IPHONEOS_DEPLOYMENT_TARGET = 12.2;
				MTL_ENABLE_DEBUG_INFO = NO;
				MTL_FAST_MATH = YES;
				SDKROOT = iphoneos;
				VALIDATE_PRODUCT = YES;
			};
			name = Release;
		};
		D508B86F22A358EF00391B50 /* Debug */ = {
			isa = XCBuildConfiguration;
			baseConfigurationReference = 08886D63203F5422ED6CE820 /* Pods-MapObjC.debug.xcconfig */;
			buildSettings = {
				ASSETCATALOG_COMPILER_APPICON_NAME = AppIcon;
				CODE_SIGN_STYLE = Manual;
				DEVELOPMENT_TEAM = VFN9EK8VGJ;
				INFOPLIST_FILE = MapObjC/Info.plist;
				LD_RUNPATH_SEARCH_PATHS = (
					"$(inherited)",
					"@executable_path/Frameworks",
				);
				PRODUCT_BUNDLE_IDENTIFIER = io.dasu.hari.MapObjC;
				PRODUCT_NAME = "$(TARGET_NAME)";
				PROVISIONING_PROFILE_SPECIFIER = kingHenryWIld;
				TARGETED_DEVICE_FAMILY = "1,2";
			};
			name = Debug;
		};
		D508B87022A358EF00391B50 /* Release */ = {
			isa = XCBuildConfiguration;
			baseConfigurationReference = 2088CED37DA16D32A1164976 /* Pods-MapObjC.release.xcconfig */;
			buildSettings = {
				ASSETCATALOG_COMPILER_APPICON_NAME = AppIcon;
				CODE_SIGN_STYLE = Manual;
				DEVELOPMENT_TEAM = VFN9EK8VGJ;
				INFOPLIST_FILE = MapObjC/Info.plist;
				LD_RUNPATH_SEARCH_PATHS = (
					"$(inherited)",
					"@executable_path/Frameworks",
				);
				PRODUCT_BUNDLE_IDENTIFIER = io.dasu.hari.MapObjC;
				PRODUCT_NAME = "$(TARGET_NAME)";
				PROVISIONING_PROFILE_SPECIFIER = kingHenryWIld;
				TARGETED_DEVICE_FAMILY = "1,2";
			};
			name = Release;
		};
/* End XCBuildConfiguration section */

/* Begin XCConfigurationList section */
		D508B85322A358EF00391B50 /* Build configuration list for PBXProject "MapObjC" */ = {
			isa = XCConfigurationList;
			buildConfigurations = (
				D508B86C22A358EF00391B50 /* Debug */,
				D508B86D22A358EF00391B50 /* Release */,
			);
			defaultConfigurationIsVisible = 0;
			defaultConfigurationName = Release;
		};
		D508B86E22A358EF00391B50 /* Build configuration list for PBXNativeTarget "MapObjC" */ = {
			isa = XCConfigurationList;
			buildConfigurations = (
				D508B86F22A358EF00391B50 /* Debug */,
				D508B87022A358EF00391B50 /* Release */,
			);
			defaultConfigurationIsVisible = 0;
			defaultConfigurationName = Release;
		};
/* End XCConfigurationList section */
	};
	rootObject = D508B85022A358EF00391B50 /* Project object */;
}
